// !$*UTF8*$!
{
	archiveVersion = 1;
	classes = {
	};
	objectVersion = 55;
	objects = {

/* Begin PBXBuildFile section */
		08AF75F2321DDF43C7AF08C6 /* Pods_NWSS_Cafeteria.framework in Frameworks */ = {isa = PBXBuildFile; fileRef = 16D57747C4C00825C376DBA5 /* Pods_NWSS_Cafeteria.framework */; };
		573808C8289D9A920082AC43 /* HomeTableView.swift in Sources */ = {isa = PBXBuildFile; fileRef = 573808C7289D9A920082AC43 /* HomeTableView.swift */; };
		573808CA289D9C0C0082AC43 /* HomeTableViewCell.swift in Sources */ = {isa = PBXBuildFile; fileRef = 573808C9289D9C0C0082AC43 /* HomeTableViewCell.swift */; };
		573808CC289D9CE90082AC43 /* HomeTitleTableList.swift in Sources */ = {isa = PBXBuildFile; fileRef = 573808CB289D9CE90082AC43 /* HomeTitleTableList.swift */; };
		573808D2289EE8DE0082AC43 /* HomeControllerVariables.swift in Sources */ = {isa = PBXBuildFile; fileRef = 573808D1289EE8DE0082AC43 /* HomeControllerVariables.swift */; };
		573808D628A87D6E0082AC43 /* GoogleService-Info.plist in Resources */ = {isa = PBXBuildFile; fileRef = 573808D528A87D6E0082AC43 /* GoogleService-Info.plist */; };
		577BA256288CD3FB0093D25F /* AppDelegate.swift in Sources */ = {isa = PBXBuildFile; fileRef = 577BA255288CD3FB0093D25F /* AppDelegate.swift */; };
		577BA258288CD3FB0093D25F /* SceneDelegate.swift in Sources */ = {isa = PBXBuildFile; fileRef = 577BA257288CD3FB0093D25F /* SceneDelegate.swift */; };
		577BA25A288CD3FB0093D25F /* HomeController.swift in Sources */ = {isa = PBXBuildFile; fileRef = 577BA259288CD3FB0093D25F /* HomeController.swift */; };
		577BA25F288CD3FB0093D25F /* Assets.xcassets in Resources */ = {isa = PBXBuildFile; fileRef = 577BA25E288CD3FB0093D25F /* Assets.xcassets */; };
		577BA262288CD3FB0093D25F /* LaunchScreen.storyboard in Resources */ = {isa = PBXBuildFile; fileRef = 577BA260288CD3FB0093D25F /* LaunchScreen.storyboard */; };
		577BA26E288CE3040093D25F /* HelperHomeController.swift in Sources */ = {isa = PBXBuildFile; fileRef = 577BA26D288CE3040093D25F /* HelperHomeController.swift */; };
		577BA271288CE4B70093D25F /* UIColorExtension.swift in Sources */ = {isa = PBXBuildFile; fileRef = 577BA270288CE4B70093D25F /* UIColorExtension.swift */; };
		577BA273288CE4DA0093D25F /* UIViewExtension.swift in Sources */ = {isa = PBXBuildFile; fileRef = 577BA272288CE4DA0093D25F /* UIViewExtension.swift */; };
		579BF67A28963C6800DC4BAE /* HomeControllerOrderBarView.swift in Sources */ = {isa = PBXBuildFile; fileRef = 579BF67928963C6800DC4BAE /* HomeControllerOrderBarView.swift */; };
		579BF67C28963EB600DC4BAE /* UICALayerExtension.swift in Sources */ = {isa = PBXBuildFile; fileRef = 579BF67B28963EB600DC4BAE /* UICALayerExtension.swift */; };
		579BF67E2896FC6500DC4BAE /* SettingsTableView.swift in Sources */ = {isa = PBXBuildFile; fileRef = 579BF67D2896FC6500DC4BAE /* SettingsTableView.swift */; };
		579BF6802897421200DC4BAE /* SettingsTitleTableList.swift in Sources */ = {isa = PBXBuildFile; fileRef = 579BF67F2897421200DC4BAE /* SettingsTitleTableList.swift */; };
		579BF682289742CB00DC4BAE /* SettingsTableViewCell.swift in Sources */ = {isa = PBXBuildFile; fileRef = 579BF681289742CB00DC4BAE /* SettingsTableViewCell.swift */; };
		579BF6842897437800DC4BAE /* SettingsController.swift in Sources */ = {isa = PBXBuildFile; fileRef = 579BF6832897437700DC4BAE /* SettingsController.swift */; };
		579BF6872897625500DC4BAE /* HelperSettingsController.swift in Sources */ = {isa = PBXBuildFile; fileRef = 579BF6862897625500DC4BAE /* HelperSettingsController.swift */; };
		579BF68C2897666D00DC4BAE /* SettingsControllerBarView.swift in Sources */ = {isa = PBXBuildFile; fileRef = 579BF68B2897666D00DC4BAE /* SettingsControllerBarView.swift */; };
/* End PBXBuildFile section */

/* Begin PBXFileReference section */
		16D57747C4C00825C376DBA5 /* Pods_NWSS_Cafeteria.framework */ = {isa = PBXFileReference; explicitFileType = wrapper.framework; includeInIndex = 0; path = Pods_NWSS_Cafeteria.framework; sourceTree = BUILT_PRODUCTS_DIR; };
		573808C7289D9A920082AC43 /* HomeTableView.swift */ = {isa = PBXFileReference; lastKnownFileType = sourcecode.swift; path = HomeTableView.swift; sourceTree = "<group>"; };
		573808C9289D9C0C0082AC43 /* HomeTableViewCell.swift */ = {isa = PBXFileReference; lastKnownFileType = sourcecode.swift; path = HomeTableViewCell.swift; sourceTree = "<group>"; };
		573808CB289D9CE90082AC43 /* HomeTitleTableList.swift */ = {isa = PBXFileReference; lastKnownFileType = sourcecode.swift; path = HomeTitleTableList.swift; sourceTree = "<group>"; };
		573808D1289EE8DE0082AC43 /* HomeControllerVariables.swift */ = {isa = PBXFileReference; lastKnownFileType = sourcecode.swift; path = HomeControllerVariables.swift; sourceTree = "<group>"; };
		573808D528A87D6E0082AC43 /* GoogleService-Info.plist */ = {isa = PBXFileReference; fileEncoding = 4; lastKnownFileType = text.plist.xml; path = "GoogleService-Info.plist"; sourceTree = "<group>"; };
		577BA252288CD3FB0093D25F /* NWSS Cafeteria.app */ = {isa = PBXFileReference; explicitFileType = wrapper.application; includeInIndex = 0; path = "NWSS Cafeteria.app"; sourceTree = BUILT_PRODUCTS_DIR; };
		577BA255288CD3FB0093D25F /* AppDelegate.swift */ = {isa = PBXFileReference; lastKnownFileType = sourcecode.swift; path = AppDelegate.swift; sourceTree = "<group>"; };
		577BA257288CD3FB0093D25F /* SceneDelegate.swift */ = {isa = PBXFileReference; lastKnownFileType = sourcecode.swift; path = SceneDelegate.swift; sourceTree = "<group>"; };
		577BA259288CD3FB0093D25F /* HomeController.swift */ = {isa = PBXFileReference; lastKnownFileType = sourcecode.swift; path = HomeController.swift; sourceTree = "<group>"; };
		577BA25E288CD3FB0093D25F /* Assets.xcassets */ = {isa = PBXFileReference; lastKnownFileType = folder.assetcatalog; path = Assets.xcassets; sourceTree = "<group>"; };
		577BA261288CD3FB0093D25F /* Base */ = {isa = PBXFileReference; lastKnownFileType = file.storyboard; name = Base; path = Base.lproj/LaunchScreen.storyboard; sourceTree = "<group>"; };
		577BA263288CD3FB0093D25F /* Info.plist */ = {isa = PBXFileReference; lastKnownFileType = text.plist.xml; path = Info.plist; sourceTree = "<group>"; };
		577BA26D288CE3040093D25F /* HelperHomeController.swift */ = {isa = PBXFileReference; lastKnownFileType = sourcecode.swift; path = HelperHomeController.swift; sourceTree = "<group>"; };
		577BA270288CE4B70093D25F /* UIColorExtension.swift */ = {isa = PBXFileReference; lastKnownFileType = sourcecode.swift; path = UIColorExtension.swift; sourceTree = "<group>"; };
		577BA272288CE4DA0093D25F /* UIViewExtension.swift */ = {isa = PBXFileReference; lastKnownFileType = sourcecode.swift; path = UIViewExtension.swift; sourceTree = "<group>"; };
		579BF67928963C6800DC4BAE /* HomeControllerOrderBarView.swift */ = {isa = PBXFileReference; lastKnownFileType = sourcecode.swift; path = HomeControllerOrderBarView.swift; sourceTree = "<group>"; };
		579BF67B28963EB600DC4BAE /* UICALayerExtension.swift */ = {isa = PBXFileReference; lastKnownFileType = sourcecode.swift; path = UICALayerExtension.swift; sourceTree = "<group>"; };
		579BF67D2896FC6500DC4BAE /* SettingsTableView.swift */ = {isa = PBXFileReference; lastKnownFileType = sourcecode.swift; path = SettingsTableView.swift; sourceTree = "<group>"; };
		579BF67F2897421200DC4BAE /* SettingsTitleTableList.swift */ = {isa = PBXFileReference; lastKnownFileType = sourcecode.swift; path = SettingsTitleTableList.swift; sourceTree = "<group>"; };
		579BF681289742CB00DC4BAE /* SettingsTableViewCell.swift */ = {isa = PBXFileReference; lastKnownFileType = sourcecode.swift; path = SettingsTableViewCell.swift; sourceTree = "<group>"; };
		579BF6832897437700DC4BAE /* SettingsController.swift */ = {isa = PBXFileReference; lastKnownFileType = sourcecode.swift; path = SettingsController.swift; sourceTree = "<group>"; };
		579BF6862897625500DC4BAE /* HelperSettingsController.swift */ = {isa = PBXFileReference; lastKnownFileType = sourcecode.swift; path = HelperSettingsController.swift; sourceTree = "<group>"; };
		579BF68B2897666D00DC4BAE /* SettingsControllerBarView.swift */ = {isa = PBXFileReference; lastKnownFileType = sourcecode.swift; path = SettingsControllerBarView.swift; sourceTree = "<group>"; };
		6B3A8E871F5D12B23B986873 /* Pods-NWSS Cafeteria.debug.xcconfig */ = {isa = PBXFileReference; includeInIndex = 1; lastKnownFileType = text.xcconfig; name = "Pods-NWSS Cafeteria.debug.xcconfig"; path = "Target Support Files/Pods-NWSS Cafeteria/Pods-NWSS Cafeteria.debug.xcconfig"; sourceTree = "<group>"; };
		DB203572AAF4178E5E55E10D /* Pods-NWSS Cafeteria.release.xcconfig */ = {isa = PBXFileReference; includeInIndex = 1; lastKnownFileType = text.xcconfig; name = "Pods-NWSS Cafeteria.release.xcconfig"; path = "Target Support Files/Pods-NWSS Cafeteria/Pods-NWSS Cafeteria.release.xcconfig"; sourceTree = "<group>"; };
/* End PBXFileReference section */

/* Begin PBXFrameworksBuildPhase section */
		577BA24F288CD3FB0093D25F /* Frameworks */ = {
			isa = PBXFrameworksBuildPhase;
			buildActionMask = 2147483647;
			files = (
				08AF75F2321DDF43C7AF08C6 /* Pods_NWSS_Cafeteria.framework in Frameworks */,
			);
			runOnlyForDeploymentPostprocessing = 0;
		};
/* End PBXFrameworksBuildPhase section */

/* Begin PBXGroup section */
		1B74AAC263519CEB06EC20E2 /* Pods */ = {
			isa = PBXGroup;
			children = (
				6B3A8E871F5D12B23B986873 /* Pods-NWSS Cafeteria.debug.xcconfig */,
				DB203572AAF4178E5E55E10D /* Pods-NWSS Cafeteria.release.xcconfig */,
			);
			path = Pods;
			sourceTree = "<group>";
		};
		3F23C2012D5B42D632ABE954 /* Frameworks */ = {
			isa = PBXGroup;
			children = (
				16D57747C4C00825C376DBA5 /* Pods_NWSS_Cafeteria.framework */,
			);
			name = Frameworks;
			sourceTree = "<group>";
		};
		5737965328AC0C5500527974 /* HomeController */ = {
			isa = PBXGroup;
			children = (
			);
			path = HomeController;
			sourceTree = "<group>";
		};
		5737965428AC0C6400527974 /* SettingsController */ = {
			isa = PBXGroup;
			children = (
			);
			path = SettingsController;
			sourceTree = "<group>";
		};
		573808CD289D9CFD0082AC43 /* HomeController */ = {
			isa = PBXGroup;
			children = (
				573808D1289EE8DE0082AC43 /* HomeControllerVariables.swift */,
				573808CB289D9CE90082AC43 /* HomeTitleTableList.swift */,
			);
			path = HomeController;
			sourceTree = "<group>";
		};
		573808CE289D9D070082AC43 /* SettingsController */ = {
			isa = PBXGroup;
			children = (
				579BF67F2897421200DC4BAE /* SettingsTitleTableList.swift */,
			);
			path = SettingsController;
			sourceTree = "<group>";
		};
		577BA249288CD3FB0093D25F = {
			isa = PBXGroup;
			children = (
				577BA254288CD3FB0093D25F /* NWSS Cafeteria */,
				577BA253288CD3FB0093D25F /* Products */,
				1B74AAC263519CEB06EC20E2 /* Pods */,
				3F23C2012D5B42D632ABE954 /* Frameworks */,
			);
			sourceTree = "<group>";
		};
		577BA253288CD3FB0093D25F /* Products */ = {
			isa = PBXGroup;
			children = (
				577BA252288CD3FB0093D25F /* NWSS Cafeteria.app */,
			);
			name = Products;
			sourceTree = "<group>";
		};
		577BA254288CD3FB0093D25F /* NWSS Cafeteria */ = {
			isa = PBXGroup;
			children = (
				577BA26C288CD9370093D25F /* Helper Methods */,
				577BA269288CD9000093D25F /* Controller */,
				577BA26A288CD90F0093D25F /* View */,
				577BA26B288CD9270093D25F /* Model */,
				577BA255288CD3FB0093D25F /* AppDelegate.swift */,
				577BA257288CD3FB0093D25F /* SceneDelegate.swift */,
				577BA26F288CE4840093D25F /* Extensions */,
				579BF6852897536800DC4BAE /* Others */,
				577BA25E288CD3FB0093D25F /* Assets.xcassets */,
				577BA260288CD3FB0093D25F /* LaunchScreen.storyboard */,
				577BA263288CD3FB0093D25F /* Info.plist */,
				573808D528A87D6E0082AC43 /* GoogleService-Info.plist */,
			);
			path = "NWSS Cafeteria";
			sourceTree = "<group>";
		};
		577BA269288CD9000093D25F /* Controller */ = {
			isa = PBXGroup;
			children = (
				577BA259288CD3FB0093D25F /* HomeController.swift */,
				579BF6832897437700DC4BAE /* SettingsController.swift */,
			);
			path = Controller;
			sourceTree = "<group>";
		};
		577BA26A288CD90F0093D25F /* View */ = {
			isa = PBXGroup;
			children = (
				579BF689289765F200DC4BAE /* HomeController */,
				579BF688289765D500DC4BAE /* SettingsController */,
			);
			path = View;
			sourceTree = "<group>";
		};
		577BA26B288CD9270093D25F /* Model */ = {
			isa = PBXGroup;
			children = (
				5737965328AC0C5500527974 /* HomeController */,
				5737965428AC0C6400527974 /* SettingsController */,
			);
			path = Model;
			sourceTree = "<group>";
		};
		577BA26C288CD9370093D25F /* Helper Methods */ = {
			isa = PBXGroup;
			children = (
				577BA26D288CE3040093D25F /* HelperHomeController.swift */,
				579BF6862897625500DC4BAE /* HelperSettingsController.swift */,
			);
			path = "Helper Methods";
			sourceTree = "<group>";
		};
		577BA26F288CE4840093D25F /* Extensions */ = {
			isa = PBXGroup;
			children = (
				577BA270288CE4B70093D25F /* UIColorExtension.swift */,
				577BA272288CE4DA0093D25F /* UIViewExtension.swift */,
				579BF67B28963EB600DC4BAE /* UICALayerExtension.swift */,
			);
			path = Extensions;
			sourceTree = "<group>";
		};
		579BF6852897536800DC4BAE /* Others */ = {
			isa = PBXGroup;
			children = (
				573808CD289D9CFD0082AC43 /* HomeController */,
				573808CE289D9D070082AC43 /* SettingsController */,
			);
			path = Others;
			sourceTree = "<group>";
		};
		579BF688289765D500DC4BAE /* SettingsController */ = {
			isa = PBXGroup;
			children = (
				579BF67D2896FC6500DC4BAE /* SettingsTableView.swift */,
				579BF681289742CB00DC4BAE /* SettingsTableViewCell.swift */,
				579BF68B2897666D00DC4BAE /* SettingsControllerBarView.swift */,
			);
			path = SettingsController;
			sourceTree = "<group>";
		};
		579BF689289765F200DC4BAE /* HomeController */ = {
			isa = PBXGroup;
			children = (
				573808C7289D9A920082AC43 /* HomeTableView.swift */,
				573808C9289D9C0C0082AC43 /* HomeTableViewCell.swift */,
				579BF67928963C6800DC4BAE /* HomeControllerOrderBarView.swift */,
			);
			path = HomeController;
			sourceTree = "<group>";
		};
/* End PBXGroup section */

/* Begin PBXNativeTarget section */
		577BA251288CD3FB0093D25F /* NWSS Cafeteria */ = {
			isa = PBXNativeTarget;
			buildConfigurationList = 577BA266288CD3FB0093D25F /* Build configuration list for PBXNativeTarget "NWSS Cafeteria" */;
			buildPhases = (
				BA6A19FB8488B0CF654A78C9 /* [CP] Check Pods Manifest.lock */,
				577BA24E288CD3FB0093D25F /* Sources */,
				577BA24F288CD3FB0093D25F /* Frameworks */,
				577BA250288CD3FB0093D25F /* Resources */,
				C89DF9D5814F4667B307F7FA /* [CP] Embed Pods Frameworks */,
			);
			buildRules = (
			);
			dependencies = (
			);
			name = "NWSS Cafeteria";
			productName = "NWSS Cafeteria";
			productReference = 577BA252288CD3FB0093D25F /* NWSS Cafeteria.app */;
			productType = "com.apple.product-type.application";
		};
/* End PBXNativeTarget section */

/* Begin PBXProject section */
		577BA24A288CD3FB0093D25F /* Project object */ = {
			isa = PBXProject;
			attributes = {
				BuildIndependentTargetsInParallel = 1;
				LastSwiftUpdateCheck = 1340;
				LastUpgradeCheck = 1340;
				TargetAttributes = {
					577BA251288CD3FB0093D25F = {
						CreatedOnToolsVersion = 13.4.1;
					};
				};
			};
			buildConfigurationList = 577BA24D288CD3FB0093D25F /* Build configuration list for PBXProject "NWSS Cafeteria" */;
			compatibilityVersion = "Xcode 13.0";
			developmentRegion = en;
			hasScannedForEncodings = 0;
			knownRegions = (
				en,
				Base,
			);
			mainGroup = 577BA249288CD3FB0093D25F;
			productRefGroup = 577BA253288CD3FB0093D25F /* Products */;
			projectDirPath = "";
			projectRoot = "";
			targets = (
				577BA251288CD3FB0093D25F /* NWSS Cafeteria */,
			);
		};
/* End PBXProject section */

/* Begin PBXResourcesBuildPhase section */
		577BA250288CD3FB0093D25F /* Resources */ = {
			isa = PBXResourcesBuildPhase;
			buildActionMask = 2147483647;
			files = (
				577BA262288CD3FB0093D25F /* LaunchScreen.storyboard in Resources */,
				573808D628A87D6E0082AC43 /* GoogleService-Info.plist in Resources */,
				577BA25F288CD3FB0093D25F /* Assets.xcassets in Resources */,
			);
			runOnlyForDeploymentPostprocessing = 0;
		};
/* End PBXResourcesBuildPhase section */

/* Begin PBXShellScriptBuildPhase section */
		BA6A19FB8488B0CF654A78C9 /* [CP] Check Pods Manifest.lock */ = {
			isa = PBXShellScriptBuildPhase;
			buildActionMask = 2147483647;
			files = (
			);
			inputFileListPaths = (
			);
			inputPaths = (
				"${PODS_PODFILE_DIR_PATH}/Podfile.lock",
				"${PODS_ROOT}/Manifest.lock",
			);
			name = "[CP] Check Pods Manifest.lock";
			outputFileListPaths = (
			);
			outputPaths = (
				"$(DERIVED_FILE_DIR)/Pods-NWSS Cafeteria-checkManifestLockResult.txt",
			);
			runOnlyForDeploymentPostprocessing = 0;
			shellPath = /bin/sh;
			shellScript = "diff \"${PODS_PODFILE_DIR_PATH}/Podfile.lock\" \"${PODS_ROOT}/Manifest.lock\" > /dev/null\nif [ $? != 0 ] ; then\n    # print error to STDERR\n    echo \"error: The sandbox is not in sync with the Podfile.lock. Run 'pod install' or update your CocoaPods installation.\" >&2\n    exit 1\nfi\n# This output is used by Xcode 'outputs' to avoid re-running this script phase.\necho \"SUCCESS\" > \"${SCRIPT_OUTPUT_FILE_0}\"\n";
			showEnvVarsInLog = 0;
		};
		C89DF9D5814F4667B307F7FA /* [CP] Embed Pods Frameworks */ = {
			isa = PBXShellScriptBuildPhase;
			buildActionMask = 2147483647;
			files = (
			);
			inputFileListPaths = (
				"${PODS_ROOT}/Target Support Files/Pods-NWSS Cafeteria/Pods-NWSS Cafeteria-frameworks-${CONFIGURATION}-input-files.xcfilelist",
			);
			name = "[CP] Embed Pods Frameworks";
			outputFileListPaths = (
				"${PODS_ROOT}/Target Support Files/Pods-NWSS Cafeteria/Pods-NWSS Cafeteria-frameworks-${CONFIGURATION}-output-files.xcfilelist",
			);
			runOnlyForDeploymentPostprocessing = 0;
			shellPath = /bin/sh;
			shellScript = "\"${PODS_ROOT}/Target Support Files/Pods-NWSS Cafeteria/Pods-NWSS Cafeteria-frameworks.sh\"\n";
			showEnvVarsInLog = 0;
		};
/* End PBXShellScriptBuildPhase section */

/* Begin PBXSourcesBuildPhase section */
		577BA24E288CD3FB0093D25F /* Sources */ = {
			isa = PBXSourcesBuildPhase;
			buildActionMask = 2147483647;
			files = (
				579BF6842897437800DC4BAE /* SettingsController.swift in Sources */,
				579BF67A28963C6800DC4BAE /* HomeControllerOrderBarView.swift in Sources */,
				579BF67E2896FC6500DC4BAE /* SettingsTableView.swift in Sources */,
				577BA273288CE4DA0093D25F /* UIViewExtension.swift in Sources */,
				579BF6872897625500DC4BAE /* HelperSettingsController.swift in Sources */,
				577BA25A288CD3FB0093D25F /* HomeController.swift in Sources */,
				573808C8289D9A920082AC43 /* HomeTableView.swift in Sources */,
				577BA256288CD3FB0093D25F /* AppDelegate.swift in Sources */,
				577BA271288CE4B70093D25F /* UIColorExtension.swift in Sources */,
				579BF682289742CB00DC4BAE /* SettingsTableViewCell.swift in Sources */,
				577BA26E288CE3040093D25F /* HelperHomeController.swift in Sources */,
				577BA258288CD3FB0093D25F /* SceneDelegate.swift in Sources */,
				579BF6802897421200DC4BAE /* SettingsTitleTableList.swift in Sources */,
				579BF67C28963EB600DC4BAE /* UICALayerExtension.swift in Sources */,
				573808D2289EE8DE0082AC43 /* HomeControllerVariables.swift in Sources */,
				573808CC289D9CE90082AC43 /* HomeTitleTableList.swift in Sources */,
				573808CA289D9C0C0082AC43 /* HomeTableViewCell.swift in Sources */,
				579BF68C2897666D00DC4BAE /* SettingsControllerBarView.swift in Sources */,
			);
			runOnlyForDeploymentPostprocessing = 0;
		};
/* End PBXSourcesBuildPhase section */

/* Begin PBXVariantGroup section */
		577BA260288CD3FB0093D25F /* LaunchScreen.storyboard */ = {
			isa = PBXVariantGroup;
			children = (
				577BA261288CD3FB0093D25F /* Base */,
			);
			name = LaunchScreen.storyboard;
			sourceTree = "<group>";
		};
/* End PBXVariantGroup section */

/* Begin XCBuildConfiguration section */
		577BA264288CD3FB0093D25F /* Debug */ = {
			isa = XCBuildConfiguration;
			buildSettings = {
				ALWAYS_SEARCH_USER_PATHS = NO;
				CLANG_ANALYZER_NONNULL = YES;
				CLANG_ANALYZER_NUMBER_OBJECT_CONVERSION = YES_AGGRESSIVE;
				CLANG_CXX_LANGUAGE_STANDARD = "gnu++17";
				CLANG_ENABLE_MODULES = YES;
				CLANG_ENABLE_OBJC_ARC = YES;
				CLANG_ENABLE_OBJC_WEAK = YES;
				CLANG_WARN_BLOCK_CAPTURE_AUTORELEASING = YES;
				CLANG_WARN_BOOL_CONVERSION = YES;
				CLANG_WARN_COMMA = YES;
				CLANG_WARN_CONSTANT_CONVERSION = YES;
				CLANG_WARN_DEPRECATED_OBJC_IMPLEMENTATIONS = YES;
				CLANG_WARN_DIRECT_OBJC_ISA_USAGE = YES_ERROR;
				CLANG_WARN_DOCUMENTATION_COMMENTS = YES;
				CLANG_WARN_EMPTY_BODY = YES;
				CLANG_WARN_ENUM_CONVERSION = YES;
				CLANG_WARN_INFINITE_RECURSION = YES;
				CLANG_WARN_INT_CONVERSION = YES;
				CLANG_WARN_NON_LITERAL_NULL_CONVERSION = YES;
				CLANG_WARN_OBJC_IMPLICIT_RETAIN_SELF = YES;
				CLANG_WARN_OBJC_LITERAL_CONVERSION = YES;
				CLANG_WARN_OBJC_ROOT_CLASS = YES_ERROR;
				CLANG_WARN_QUOTED_INCLUDE_IN_FRAMEWORK_HEADER = YES;
				CLANG_WARN_RANGE_LOOP_ANALYSIS = YES;
				CLANG_WARN_STRICT_PROTOTYPES = YES;
				CLANG_WARN_SUSPICIOUS_MOVE = YES;
				CLANG_WARN_UNGUARDED_AVAILABILITY = YES_AGGRESSIVE;
				CLANG_WARN_UNREACHABLE_CODE = YES;
				CLANG_WARN__DUPLICATE_METHOD_MATCH = YES;
				COPY_PHASE_STRIP = NO;
				DEBUG_INFORMATION_FORMAT = dwarf;
				ENABLE_STRICT_OBJC_MSGSEND = YES;
				ENABLE_TESTABILITY = YES;
				GCC_C_LANGUAGE_STANDARD = gnu11;
				GCC_DYNAMIC_NO_PIC = NO;
				GCC_NO_COMMON_BLOCKS = YES;
				GCC_OPTIMIZATION_LEVEL = 0;
				GCC_PREPROCESSOR_DEFINITIONS = (
					"DEBUG=1",
					"$(inherited)",
				);
				GCC_WARN_64_TO_32_BIT_CONVERSION = YES;
				GCC_WARN_ABOUT_RETURN_TYPE = YES_ERROR;
				GCC_WARN_UNDECLARED_SELECTOR = YES;
				GCC_WARN_UNINITIALIZED_AUTOS = YES_AGGRESSIVE;
				GCC_WARN_UNUSED_FUNCTION = YES;
				GCC_WARN_UNUSED_VARIABLE = YES;
				IPHONEOS_DEPLOYMENT_TARGET = 15.5;
				MTL_ENABLE_DEBUG_INFO = INCLUDE_SOURCE;
				MTL_FAST_MATH = YES;
				ONLY_ACTIVE_ARCH = YES;
				SDKROOT = iphoneos;
				SWIFT_ACTIVE_COMPILATION_CONDITIONS = DEBUG;
				SWIFT_OPTIMIZATION_LEVEL = "-Onone";
			};
			name = Debug;
		};
		577BA265288CD3FB0093D25F /* Release */ = {
			isa = XCBuildConfiguration;
			buildSettings = {
				ALWAYS_SEARCH_USER_PATHS = NO;
				CLANG_ANALYZER_NONNULL = YES;
				CLANG_ANALYZER_NUMBER_OBJECT_CONVERSION = YES_AGGRESSIVE;
				CLANG_CXX_LANGUAGE_STANDARD = "gnu++17";
				CLANG_ENABLE_MODULES = YES;
				CLANG_ENABLE_OBJC_ARC = YES;
				CLANG_ENABLE_OBJC_WEAK = YES;
				CLANG_WARN_BLOCK_CAPTURE_AUTORELEASING = YES;
				CLANG_WARN_BOOL_CONVERSION = YES;
				CLANG_WARN_COMMA = YES;
				CLANG_WARN_CONSTANT_CONVERSION = YES;
				CLANG_WARN_DEPRECATED_OBJC_IMPLEMENTATIONS = YES;
				CLANG_WARN_DIRECT_OBJC_ISA_USAGE = YES_ERROR;
				CLANG_WARN_DOCUMENTATION_COMMENTS = YES;
				CLANG_WARN_EMPTY_BODY = YES;
				CLANG_WARN_ENUM_CONVERSION = YES;
				CLANG_WARN_INFINITE_RECURSION = YES;
				CLANG_WARN_INT_CONVERSION = YES;
				CLANG_WARN_NON_LITERAL_NULL_CONVERSION = YES;
				CLANG_WARN_OBJC_IMPLICIT_RETAIN_SELF = YES;
				CLANG_WARN_OBJC_LITERAL_CONVERSION = YES;
				CLANG_WARN_OBJC_ROOT_CLASS = YES_ERROR;
				CLANG_WARN_QUOTED_INCLUDE_IN_FRAMEWORK_HEADER = YES;
				CLANG_WARN_RANGE_LOOP_ANALYSIS = YES;
				CLANG_WARN_STRICT_PROTOTYPES = YES;
				CLANG_WARN_SUSPICIOUS_MOVE = YES;
				CLANG_WARN_UNGUARDED_AVAILABILITY = YES_AGGRESSIVE;
				CLANG_WARN_UNREACHABLE_CODE = YES;
				CLANG_WARN__DUPLICATE_METHOD_MATCH = YES;
				COPY_PHASE_STRIP = NO;
				DEBUG_INFORMATION_FORMAT = "dwarf-with-dsym";
				ENABLE_NS_ASSERTIONS = NO;
				ENABLE_STRICT_OBJC_MSGSEND = YES;
				GCC_C_LANGUAGE_STANDARD = gnu11;
				GCC_NO_COMMON_BLOCKS = YES;
				GCC_WARN_64_TO_32_BIT_CONVERSION = YES;
				GCC_WARN_ABOUT_RETURN_TYPE = YES_ERROR;
				GCC_WARN_UNDECLARED_SELECTOR = YES;
				GCC_WARN_UNINITIALIZED_AUTOS = YES_AGGRESSIVE;
				GCC_WARN_UNUSED_FUNCTION = YES;
				GCC_WARN_UNUSED_VARIABLE = YES;
				IPHONEOS_DEPLOYMENT_TARGET = 15.5;
				MTL_ENABLE_DEBUG_INFO = NO;
				MTL_FAST_MATH = YES;
				SDKROOT = iphoneos;
				SWIFT_COMPILATION_MODE = wholemodule;
				SWIFT_OPTIMIZATION_LEVEL = "-O";
				VALIDATE_PRODUCT = YES;
			};
			name = Release;
		};
		577BA267288CD3FB0093D25F /* Debug */ = {
			isa = XCBuildConfiguration;
			baseConfigurationReference = 6B3A8E871F5D12B23B986873 /* Pods-NWSS Cafeteria.debug.xcconfig */;
			buildSettings = {
				ASSETCATALOG_COMPILER_APPICON_NAME = AppIcon;
				ASSETCATALOG_COMPILER_GLOBAL_ACCENT_COLOR_NAME = AccentColor;
				CODE_SIGN_STYLE = Automatic;
				CURRENT_PROJECT_VERSION = 1;
				DEVELOPMENT_TEAM = LKV2ZZV7DJ;
				GENERATE_INFOPLIST_FILE = YES;
				INFOPLIST_FILE = "NWSS Cafeteria/Info.plist";
				INFOPLIST_KEY_UIApplicationSupportsIndirectInputEvents = YES;
				INFOPLIST_KEY_UILaunchStoryboardName = LaunchScreen;
				INFOPLIST_KEY_UISupportedInterfaceOrientations = UIInterfaceOrientationPortrait;
				INFOPLIST_KEY_UISupportedInterfaceOrientations_iPad = "UIInterfaceOrientationPortrait UIInterfaceOrientationPortraitUpsideDown UIInterfaceOrientationLandscapeLeft UIInterfaceOrientationLandscapeRight";
				INFOPLIST_KEY_UISupportedInterfaceOrientations_iPhone = "UIInterfaceOrientationPortrait UIInterfaceOrientationLandscapeLeft UIInterfaceOrientationLandscapeRight";
				LD_RUNPATH_SEARCH_PATHS = (
					"$(inherited)",
					"@executable_path/Frameworks",
				);
				MARKETING_VERSION = 1.0;
				PRODUCT_BUNDLE_IDENTIFIER = "com.huij.NWSS-Cafeteria";
				PRODUCT_NAME = "$(TARGET_NAME)";
				SWIFT_EMIT_LOC_STRINGS = YES;
				SWIFT_VERSION = 5.0;
				TARGETED_DEVICE_FAMILY = "1,2";
			};
			name = Debug;
		};
		577BA268288CD3FB0093D25F /* Release */ = {
			isa = XCBuildConfiguration;
			baseConfigurationReference = DB203572AAF4178E5E55E10D /* Pods-NWSS Cafeteria.release.xcconfig */;
			buildSettings = {
				ASSETCATALOG_COMPILER_APPICON_NAME = AppIcon;
				ASSETCATALOG_COMPILER_GLOBAL_ACCENT_COLOR_NAME = AccentColor;
				CODE_SIGN_STYLE = Automatic;
				CURRENT_PROJECT_VERSION = 1;
				DEVELOPMENT_TEAM = LKV2ZZV7DJ;
				GENERATE_INFOPLIST_FILE = YES;
				INFOPLIST_FILE = "NWSS Cafeteria/Info.plist";
				INFOPLIST_KEY_UIApplicationSupportsIndirectInputEvents = YES;
				INFOPLIST_KEY_UILaunchStoryboardName = LaunchScreen;
				INFOPLIST_KEY_UISupportedInterfaceOrientations = UIInterfaceOrientationPortrait;
				INFOPLIST_KEY_UISupportedInterfaceOrientations_iPad = "UIInterfaceOrientationPortrait UIInterfaceOrientationPortraitUpsideDown UIInterfaceOrientationLandscapeLeft UIInterfaceOrientationLandscapeRight";
				INFOPLIST_KEY_UISupportedInterfaceOrientations_iPhone = "UIInterfaceOrientationPortrait UIInterfaceOrientationLandscapeLeft UIInterfaceOrientationLandscapeRight";
				LD_RUNPATH_SEARCH_PATHS = (
					"$(inherited)",
					"@executable_path/Frameworks",
				);
				MARKETING_VERSION = 1.0;
				PRODUCT_BUNDLE_IDENTIFIER = "com.huij.NWSS-Cafeteria";
				PRODUCT_NAME = "$(TARGET_NAME)";
				SWIFT_EMIT_LOC_STRINGS = YES;
				SWIFT_VERSION = 5.0;
				TARGETED_DEVICE_FAMILY = "1,2";
			};
			name = Release;
		};
/* End XCBuildConfiguration section */

/* Begin XCConfigurationList section */
		577BA24D288CD3FB0093D25F /* Build configuration list for PBXProject "NWSS Cafeteria" */ = {
			isa = XCConfigurationList;
			buildConfigurations = (
				577BA264288CD3FB0093D25F /* Debug */,
				577BA265288CD3FB0093D25F /* Release */,
			);
			defaultConfigurationIsVisible = 0;
			defaultConfigurationName = Release;
		};
		577BA266288CD3FB0093D25F /* Build configuration list for PBXNativeTarget "NWSS Cafeteria" */ = {
			isa = XCConfigurationList;
			buildConfigurations = (
				577BA267288CD3FB0093D25F /* Debug */,
				577BA268288CD3FB0093D25F /* Release */,
			);
			defaultConfigurationIsVisible = 0;
			defaultConfigurationName = Release;
		};
/* End XCConfigurationList section */
	};
	rootObject = 577BA24A288CD3FB0093D25F /* Project object */;
}
